
Microsoft Visual Studio Solution File, Format Version 12.00
# Visual Studio 2013
VisualStudioVersion = 12.0.31101.0
MinimumVisualStudioVersion = 10.0.40219.1
Project("{FAE04EC0-301F-11D3-BF4B-00C04F79EFBC}") = "UrlShortener.Web", "UrlShortener.Web\UrlShortener.Web.csproj", "{ABEAC196-6AFF-4DCE-85D5-24D1DECD304F}"
EndProject
Project("{FAE04EC0-301F-11D3-BF4B-00C04F79EFBC}") = "UrlShortener.Data", "UrlShortener.Data\UrlShortener.Data.csproj", "{EF0B1FED-1D5C-420F-8689-0C3A5BE77180}"
EndProject
Project("{FAE04EC0-301F-11D3-BF4B-00C04F79EFBC}") = "UrlShortener.Web.Tests", "UrlShortener.Web.Tests\UrlShortener.Web.Tests.csproj", "{CA43573A-BFDF-490C-8C30-22D1C90D79FB}"
EndProject
Global
	GlobalSection(SolutionConfigurationPlatforms) = preSolution
		Debug|Any CPU = Debug|Any CPU
		Release|Any CPU = Release|Any CPU
	EndGlobalSection
	GlobalSection(ProjectConfigurationPlatforms) = postSolution
		{ABEAC196-6AFF-4DCE-85D5-24D1DECD304F}.Debug|Any CPU.ActiveCfg = Debug|Any CPU
		{ABEAC196-6AFF-4DCE-85D5-24D1DECD304F}.Debug|Any CPU.Build.0 = Debug|Any CPU
		{ABEAC196-6AFF-4DCE-85D5-24D1DECD304F}.Release|Any CPU.ActiveCfg = Release|Any CPU
		{ABEAC196-6AFF-4DCE-85D5-24D1DECD304F}.Release|Any CPU.Build.0 = Release|Any CPU
		{EF0B1FED-1D5C-420F-8689-0C3A5BE77180}.Debug|Any CPU.ActiveCfg = Debug|Any CPU
		{EF0B1FED-1D5C-420F-8689-0C3A5BE77180}.Debug|Any CPU.Build.0 = Debug|Any CPU
		{EF0B1FED-1D5C-420F-8689-0C3A5BE77180}.Release|Any CPU.ActiveCfg = Release|Any CPU
		{EF0B1FED-1D5C-420F-8689-0C3A5BE77180}.Release|Any CPU.Build.0 = Release|Any CPU
		{CA43573A-BFDF-490C-8C30-22D1C90D79FB}.Debug|Any CPU.ActiveCfg = Debug|Any CPU
		{CA43573A-BFDF-490C-8C30-22D1C90D79FB}.Debug|Any CPU.Build.0 = Debug|Any CPU
		{CA43573A-BFDF-490C-8C30-22D1C90D79FB}.Release|Any CPU.ActiveCfg = Release|Any CPU
		{CA43573A-BFDF-490C-8C30-22D1C90D79FB}.Release|Any CPU.Build.0 = Release|Any CPU
	EndGlobalSection
	GlobalSection(SolutionProperties) = preSolution
		HideSolutionNode = FALSE
	EndGlobalSection
EndGlobal
